
Microsoft Visual Studio Solution File, Format Version 12.00
# Visual Studio Version 16
VisualStudioVersion = 16.0.28315.86
MinimumVisualStudioVersion = 10.0.40219.1
Project("{2150E333-8FDC-42A3-9474-1A3956D46DE8}") = "Engine", "Engine", "{9CCFE238-84A4-4850-9C74-63D878BBADC7}"
EndProject
Project("{2150E333-8FDC-42A3-9474-1A3956D46DE8}") = "Games", "Games", "{5B69642E-80AF-45C2-97F9-E22E59C410DA}"
EndProject
Project("{8BC9CEB8-8B4A-11D0-8D11-00A0C91BC942}") = "Illuvium", "Intermediate\ProjectFiles\Illuvium.vcxproj", "{A8C9212B-E3AB-4143-90E6-0508F05D15CB}"
EndProject
Project("{8BC9CEB8-8B4A-11D0-8D11-00A0C91BC942}") = "UE4", "Intermediate\ProjectFiles\UE4.vcxproj", "{A936FEEF-66F3-46AE-97A5-9F4A56D02B17}"
EndProject
Project("{2150E333-8FDC-42A3-9474-1A3956D46DE8}") = "Visualizers", "Visualizers", "{931A9836-B202-48B9-AE0A-EA2BE47819AB}"
	ProjectSection(SolutionItems) = preProject
		..\..\..\..\..\..\EpicLauncher\UE_4.24\Engine\Extras\VisualStudioDebugging\UE4.natvis = ..\..\..\..\..\..\EpicLauncher\UE_4.24\Engine\Extras\VisualStudioDebugging\UE4.natvis
	EndProjectSection
EndProject
Global
	GlobalSection(SolutionConfigurationPlatforms) = preSolution
		DebugGame Editor|Win32 = DebugGame Editor|Win32
		DebugGame Editor|Win64 = DebugGame Editor|Win64
		DebugGame|Win32 = DebugGame|Win32
		DebugGame|Win64 = DebugGame|Win64
		Development Editor|Win32 = Development Editor|Win32
		Development Editor|Win64 = Development Editor|Win64
		Development|Win32 = Development|Win32
		Development|Win64 = Development|Win64
		Shipping|Win32 = Shipping|Win32
		Shipping|Win64 = Shipping|Win64
	EndGlobalSection
	GlobalSection(ProjectConfigurationPlatforms) = postSolution
		{A8C9212B-E3AB-4143-90E6-0508F05D15CB}.DebugGame Editor|Win32.ActiveCfg = Invalid|Win32
		{A8C9212B-E3AB-4143-90E6-0508F05D15CB}.DebugGame Editor|Win64.ActiveCfg = DebugGame_Editor|x64
		{A8C9212B-E3AB-4143-90E6-0508F05D15CB}.DebugGame Editor|Win64.Build.0 = DebugGame_Editor|x64
		{A8C9212B-E3AB-4143-90E6-0508F05D15CB}.DebugGame|Win32.ActiveCfg = DebugGame|Win32
		{A8C9212B-E3AB-4143-90E6-0508F05D15CB}.DebugGame|Win32.Build.0 = DebugGame|Win32
		{A8C9212B-E3AB-4143-90E6-0508F05D15CB}.DebugGame|Win64.ActiveCfg = DebugGame|x64
		{A8C9212B-E3AB-4143-90E6-0508F05D15CB}.DebugGame|Win64.Build.0 = DebugGame|x64
		{A8C9212B-E3AB-4143-90E6-0508F05D15CB}.Development Editor|Win32.ActiveCfg = Invalid|Win32
		{A8C9212B-E3AB-4143-90E6-0508F05D15CB}.Development Editor|Win64.ActiveCfg = Development_Editor|x64
		{A8C9212B-E3AB-4143-90E6-0508F05D15CB}.Development Editor|Win64.Build.0 = Development_Editor|x64
		{A8C9212B-E3AB-4143-90E6-0508F05D15CB}.Development|Win32.ActiveCfg = Development|Win32
		{A8C9212B-E3AB-4143-90E6-0508F05D15CB}.Development|Win32.Build.0 = Development|Win32
		{A8C9212B-E3AB-4143-90E6-0508F05D15CB}.Development|Win64.ActiveCfg = Development|x64
		{A8C9212B-E3AB-4143-90E6-0508F05D15CB}.Development|Win64.Build.0 = Development|x64
		{A8C9212B-E3AB-4143-90E6-0508F05D15CB}.Shipping|Win32.ActiveCfg = Shipping|Win32
		{A8C9212B-E3AB-4143-90E6-0508F05D15CB}.Shipping|Win32.Build.0 = Shipping|Win32
		{A8C9212B-E3AB-4143-90E6-0508F05D15CB}.Shipping|Win64.ActiveCfg = Shipping|x64
		{A8C9212B-E3AB-4143-90E6-0508F05D15CB}.Shipping|Win64.Build.0 = Shipping|x64
		{A936FEEF-66F3-46AE-97A5-9F4A56D02B17}.DebugGame Editor|Win32.ActiveCfg = BuiltWithUnrealBuildTool|Win32
		{A936FEEF-66F3-46AE-97A5-9F4A56D02B17}.DebugGame Editor|Win64.ActiveCfg = BuiltWithUnrealBuildTool|Win32
		{A936FEEF-66F3-46AE-97A5-9F4A56D02B17}.DebugGame|Win32.ActiveCfg = BuiltWithUnrealBuildTool|Win32
		{A936FEEF-66F3-46AE-97A5-9F4A56D02B17}.DebugGame|Win64.ActiveCfg = BuiltWithUnrealBuildTool|Win32
		{A936FEEF-66F3-46AE-97A5-9F4A56D02B17}.Development Editor|Win32.ActiveCfg = BuiltWithUnrealBuildTool|Win32
		{A936FEEF-66F3-46AE-97A5-9F4A56D02B17}.Development Editor|Win64.ActiveCfg = BuiltWithUnrealBuildTool|Win32
		{A936FEEF-66F3-46AE-97A5-9F4A56D02B17}.Development|Win32.ActiveCfg = BuiltWithUnrealBuildTool|Win32
		{A936FEEF-66F3-46AE-97A5-9F4A56D02B17}.Development|Win64.ActiveCfg = BuiltWithUnrealBuildTool|Win32
		{A936FEEF-66F3-46AE-97A5-9F4A56D02B17}.Shipping|Win32.ActiveCfg = BuiltWithUnrealBuildTool|Win32
		{A936FEEF-66F3-46AE-97A5-9F4A56D02B17}.Shipping|Win64.ActiveCfg = BuiltWithUnrealBuildTool|Win32
	EndGlobalSection
	GlobalSection(SolutionProperties) = preSolution
		HideSolutionNode = FALSE
	EndGlobalSection
	GlobalSection(NestedProjects) = preSolution
		{A936FEEF-66F3-46AE-97A5-9F4A56D02B17} = {9CCFE238-84A4-4850-9C74-63D878BBADC7}
		{A8C9212B-E3AB-4143-90E6-0508F05D15CB} = {5B69642E-80AF-45C2-97F9-E22E59C410DA}
	EndGlobalSection
EndGlobal
